
Microsoft Visual Studio Solution File, Format Version 12.00
# Visual Studio Version 17
VisualStudioVersion = 17.3.32417.43
MinimumVisualStudioVersion = 10.0.40219.1
Project("{9A19103F-16F7-4668-BE54-9A1E7A4F7556}") = "IxMilia.Converters", "src\IxMilia.Converters\IxMilia.Converters.csproj", "{9C552EDC-0418-4868-999D-3A11C6C246A3}"
EndProject
Project("{9A19103F-16F7-4668-BE54-9A1E7A4F7556}") = "IxMilia.Converters.Test", "src\IxMilia.Converters.Test\IxMilia.Converters.Test.csproj", "{30471B89-FC47-4788-BB4B-D111A65E9240}"
EndProject
Global
	GlobalSection(SolutionConfigurationPlatforms) = preSolution
		Debug|Any CPU = Debug|Any CPU
		Release|Any CPU = Release|Any CPU
	EndGlobalSection
	GlobalSection(ProjectConfigurationPlatforms) = postSolution
		{9C552EDC-0418-4868-999D-3A11C6C246A3}.Debug|Any CPU.ActiveCfg = Debug|Any CPU
		{9C552EDC-0418-4868-999D-3A11C6C246A3}.Debug|Any CPU.Build.0 = Debug|Any CPU
		{9C552EDC-0418-4868-999D-3A11C6C246A3}.Release|Any CPU.ActiveCfg = Release|Any CPU
		{9C552EDC-0418-4868-999D-3A11C6C246A3}.Release|Any CPU.Build.0 = Release|Any CPU
		{30471B89-FC47-4788-BB4B-D111A65E9240}.Debug|Any CPU.ActiveCfg = Debug|Any CPU
		{30471B89-FC47-4788-BB4B-D111A65E9240}.Debug|Any CPU.Build.0 = Debug|Any CPU
		{30471B89-FC47-4788-BB4B-D111A65E9240}.Release|Any CPU.ActiveCfg = Release|Any CPU
		{30471B89-FC47-4788-BB4B-D111A65E9240}.Release|Any CPU.Build.0 = Release|Any CPU
	EndGlobalSection
	GlobalSection(SolutionProperties) = preSolution
		HideSolutionNode = FALSE
	EndGlobalSection
	GlobalSection(ExtensibilityGlobals) = postSolution
		SolutionGuid = {678F43C6-7927-43B5-9D1D-60C8A439E963}
	EndGlobalSection
EndGlobal
